// !$*UTF8*$!
{
	archiveVersion = 1;
	classes = {
	};
	objectVersion = 77;
	objects = {

/* Begin PBXContainerItemProxy section */
		C47FB0B12E90BCA60036586A /* PBXContainerItemProxy */ = {
			isa = PBXContainerItemProxy;
			containerPortal = C47FB0922E90BCA50036586A /* Project object */;
			proxyType = 1;
			remoteGlobalIDString = C47FB0992E90BCA50036586A;
			remoteInfo = world;
		};
		C47FB0BB2E90BCA60036586A /* PBXContainerItemProxy */ = {
			isa = PBXContainerItemProxy;
			containerPortal = C47FB0922E90BCA50036586A /* Project object */;
			proxyType = 1;
			remoteGlobalIDString = C47FB0992E90BCA50036586A;
			remoteInfo = world;
		};
/* End PBXContainerItemProxy section */

/* Begin PBXFileReference section */
		C47FB09A2E90BCA50036586A /* world.app */ = {isa = PBXFileReference; explicitFileType = wrapper.application; includeInIndex = 0; path = world.app; sourceTree = BUILT_PRODUCTS_DIR; };
		C47FB0B02E90BCA60036586A /* worldTests.xctest */ = {isa = PBXFileReference; explicitFileType = wrapper.cfbundle; includeInIndex = 0; path = worldTests.xctest; sourceTree = BUILT_PRODUCTS_DIR; };
		C47FB0BA2E90BCA60036586A /* worldUITests.xctest */ = {isa = PBXFileReference; explicitFileType = wrapper.cfbundle; includeInIndex = 0; path = worldUITests.xctest; sourceTree = BUILT_PRODUCTS_DIR; };
/* End PBXFileReference section */

/* Begin PBXFileSystemSynchronizedBuildFileExceptionSet section */
		C47FB0C22E90BCA60036586A /* Exceptions for "world" folder in "world" target */ = {
			isa = PBXFileSystemSynchronizedBuildFileExceptionSet;
			membershipExceptions = (
				Info.plist,
			);
			target = C47FB0992E90BCA50036586A /* world */;
		};
/* End PBXFileSystemSynchronizedBuildFileExceptionSet section */

/* Begin PBXFileSystemSynchronizedRootGroup section */
		C47FB09C2E90BCA50036586A /* world */ = {
			isa = PBXFileSystemSynchronizedRootGroup;
			exceptions = (
				C47FB0C22E90BCA60036586A /* Exceptions for "world" folder in "world" target */,
			);
			path = world;
			sourceTree = "<group>";
		};
		C47FB0B32E90BCA60036586A /* worldTests */ = {
			isa = PBXFileSystemSynchronizedRootGroup;
			path = worldTests;
			sourceTree = "<group>";
		};
		C47FB0BD2E90BCA60036586A /* worldUITests */ = {
			isa = PBXFileSystemSynchronizedRootGroup;
			path = worldUITests;
			sourceTree = "<group>";
		};
/* End PBXFileSystemSynchronizedRootGroup section */

/* Begin PBXFrameworksBuildPhase section */
		C47FB0972E90BCA50036586A /* Frameworks */ = {
			isa = PBXFrameworksBuildPhase;
			buildActionMask = 2147483647;
			files = (
			);
			runOnlyForDeploymentPostprocessing = 0;
		};
		C47FB0AD2E90BCA60036586A /* Frameworks */ = {
			isa = PBXFrameworksBuildPhase;
			buildActionMask = 2147483647;
			files = (
			);
			runOnlyForDeploymentPostprocessing = 0;
		};
		C47FB0B72E90BCA60036586A /* Frameworks */ = {
			isa = PBXFrameworksBuildPhase;
			buildActionMask = 2147483647;
			files = (
			);
			runOnlyForDeploymentPostprocessing = 0;
		};
/* End PBXFrameworksBuildPhase section */

/* Begin PBXGroup section */
		C47FB0912E90BCA50036586A = {
			isa = PBXGroup;
			children = (
				C47FB09C2E90BCA50036586A /* world */,
				C47FB0B32E90BCA60036586A /* worldTests */,
				C47FB0BD2E90BCA60036586A /* worldUITests */,
				C47FB09B2E90BCA50036586A /* Products */,
			);
			sourceTree = "<group>";
		};
		C47FB09B2E90BCA50036586A /* Products */ = {
			isa = PBXGroup;
			children = (
				C47FB09A2E90BCA50036586A /* world.app */,
				C47FB0B02E90BCA60036586A /* worldTests.xctest */,
				C47FB0BA2E90BCA60036586A /* worldUITests.xctest */,
			);
			name = Products;
			sourceTree = "<group>";
		};
/* End PBXGroup section */

/* Begin PBXNativeTarget section */
		C47FB0992E90BCA50036586A /* world */ = {
			isa = PBXNativeTarget;
			buildConfigurationList = C47FB0C32E90BCA60036586A /* Build configuration list for PBXNativeTarget "world" */;
			buildPhases = (
				C47FB0962E90BCA50036586A /* Sources */,
				C47FB0972E90BCA50036586A /* Frameworks */,
				C47FB0982E90BCA50036586A /* Resources */,
			);
			buildRules = (
			);
			dependencies = (
			);
			fileSystemSynchronizedGroups = (
				C47FB09C2E90BCA50036586A /* world */,
			);
			name = world;
			packageProductDependencies = (
			);
			productName = world;
			productReference = C47FB09A2E90BCA50036586A /* world.app */;
			productType = "com.apple.product-type.application";
		};
		C47FB0AF2E90BCA60036586A /* worldTests */ = {
			isa = PBXNativeTarget;
			buildConfigurationList = C47FB0C82E90BCA60036586A /* Build configuration list for PBXNativeTarget "worldTests" */;
			buildPhases = (
				C47FB0AC2E90BCA60036586A /* Sources */,
				C47FB0AD2E90BCA60036586A /* Frameworks */,
				C47FB0AE2E90BCA60036586A /* Resources */,
			);
			buildRules = (
			);
			dependencies = (
				C47FB0B22E90BCA60036586A /* PBXTargetDependency */,
			);
			fileSystemSynchronizedGroups = (
				C47FB0B32E90BCA60036586A /* worldTests */,
			);
			name = worldTests;
			packageProductDependencies = (
			);
			productName = worldTests;
			productReference = C47FB0B02E90BCA60036586A /* worldTests.xctest */;
			productType = "com.apple.product-type.bundle.unit-test";
		};
		C47FB0B92E90BCA60036586A /* worldUITests */ = {
			isa = PBXNativeTarget;
			buildConfigurationList = C47FB0CB2E90BCA60036586A /* Build configuration list for PBXNativeTarget "worldUITests" */;
			buildPhases = (
				C47FB0B62E90BCA60036586A /* Sources */,
				C47FB0B72E90BCA60036586A /* Frameworks */,
				C47FB0B82E90BCA60036586A /* Resources */,
			);
			buildRules = (
			);
			dependencies = (
				C47FB0BC2E90BCA60036586A /* PBXTargetDependency */,
			);
			fileSystemSynchronizedGroups = (
				C47FB0BD2E90BCA60036586A /* worldUITests */,
			);
			name = worldUITests;
			packageProductDependencies = (
			);
			productName = worldUITests;
			productReference = C47FB0BA2E90BCA60036586A /* worldUITests.xctest */;
			productType = "com.apple.product-type.bundle.ui-testing";
		};
/* End PBXNativeTarget section */

/* Begin PBXProject section */
		C47FB0922E90BCA50036586A /* Project object */ = {
			isa = PBXProject;
			attributes = {
				BuildIndependentTargetsInParallel = 1;
				LastSwiftUpdateCheck = 1620;
				LastUpgradeCheck = 1620;
				TargetAttributes = {
					C47FB0992E90BCA50036586A = {
						CreatedOnToolsVersion = 16.2;
					};
					C47FB0AF2E90BCA60036586A = {
						CreatedOnToolsVersion = 16.2;
						TestTargetID = C47FB0992E90BCA50036586A;
					};
					C47FB0B92E90BCA60036586A = {
						CreatedOnToolsVersion = 16.2;
						TestTargetID = C47FB0992E90BCA50036586A;
					};
				};
			};
			buildConfigurationList = C47FB0952E90BCA50036586A /* Build configuration list for PBXProject "world" */;
			developmentRegion = en;
			hasScannedForEncodings = 0;
			knownRegions = (
				en,
				Base,
			);
			mainGroup = C47FB0912E90BCA50036586A;
			minimizedProjectReferenceProxies = 1;
			preferredProjectObjectVersion = 77;
			productRefGroup = C47FB09B2E90BCA50036586A /* Products */;
			projectDirPath = "";
			projectRoot = "";
			targets = (
				C47FB0992E90BCA50036586A /* world */,
				C47FB0AF2E90BCA60036586A /* worldTests */,
				C47FB0B92E90BCA60036586A /* worldUITests */,
			);
		};
/* End PBXProject section */

/* Begin PBXResourcesBuildPhase section */
		C47FB0982E90BCA50036586A /* Resources */ = {
			isa = PBXResourcesBuildPhase;
			buildActionMask = 2147483647;
			files = (
			);
			runOnlyForDeploymentPostprocessing = 0;
		};
		C47FB0AE2E90BCA60036586A /* Resources */ = {
			isa = PBXResourcesBuildPhase;
			buildActionMask = 2147483647;
			files = (
			);
			runOnlyForDeploymentPostprocessing = 0;
		};
		C47FB0B82E90BCA60036586A /* Resources */ = {
			isa = PBXResourcesBuildPhase;
			buildActionMask = 2147483647;
			files = (
			);
			runOnlyForDeploymentPostprocessing = 0;
		};
/* End PBXResourcesBuildPhase section */

/* Begin PBXSourcesBuildPhase section */
		C47FB0962E90BCA50036586A /* Sources */ = {
			isa = PBXSourcesBuildPhase;
			buildActionMask = 2147483647;
			files = (
			);
			runOnlyForDeploymentPostprocessing = 0;
		};
		C47FB0AC2E90BCA60036586A /* Sources */ = {
			isa = PBXSourcesBuildPhase;
			buildActionMask = 2147483647;
			files = (
			);
			runOnlyForDeploymentPostprocessing = 0;
		};
		C47FB0B62E90BCA60036586A /* Sources */ = {
			isa = PBXSourcesBuildPhase;
			buildActionMask = 2147483647;
			files = (
			);
			runOnlyForDeploymentPostprocessing = 0;
		};
/* End PBXSourcesBuildPhase section */

/* Begin PBXTargetDependency section */
		C47FB0B22E90BCA60036586A /* PBXTargetDependency */ = {
			isa = PBXTargetDependency;
			target = C47FB0992E90BCA50036586A /* world */;
			targetProxy = C47FB0B12E90BCA60036586A /* PBXContainerItemProxy */;
		};
		C47FB0BC2E90BCA60036586A /* PBXTargetDependency */ = {
			isa = PBXTargetDependency;
			target = C47FB0992E90BCA50036586A /* world */;
			targetProxy = C47FB0BB2E90BCA60036586A /* PBXContainerItemProxy */;
		};
/* End PBXTargetDependency section */

/* Begin XCBuildConfiguration section */
		C47FB0C42E90BCA60036586A /* Debug */ = {
			isa = XCBuildConfiguration;
			buildSettings = {
				ASSETCATALOG_COMPILER_APPICON_NAME = AppIcon;
				ASSETCATALOG_COMPILER_GLOBAL_ACCENT_COLOR_NAME = AccentColor;
				CODE_SIGN_STYLE = Automatic;
				CURRENT_PROJECT_VERSION = 1;
				DEVELOPMENT_TEAM = LLASAA3684;
				GENERATE_INFOPLIST_FILE = YES;
				INFOPLIST_FILE = world/Info.plist;
				INFOPLIST_KEY_UIApplicationSupportsIndirectInputEvents = YES;
				INFOPLIST_KEY_UILaunchStoryboardName = LaunchScreen;
				INFOPLIST_KEY_UIMainStoryboardFile = Main;
				INFOPLIST_KEY_UISupportedInterfaceOrientations_iPad = "UIInterfaceOrientationPortrait UIInterfaceOrientationPortraitUpsideDown UIInterfaceOrientationLandscapeLeft UIInterfaceOrientationLandscapeRight";
				INFOPLIST_KEY_UISupportedInterfaceOrientations_iPhone = "UIInterfaceOrientationPortrait UIInterfaceOrientationLandscapeLeft UIInterfaceOrientationLandscapeRight";
				LD_RUNPATH_SEARCH_PATHS = (
					"$(inherited)",
					"@executable_path/Frameworks",
				);
				MARKETING_VERSION = 1.0;
				PRODUCT_BUNDLE_IDENTIFIER = "-97.world";
				PRODUCT_NAME = "$(TARGET_NAME)";
				SWIFT_EMIT_LOC_STRINGS = YES;
				SWIFT_VERSION = 5.0;
				TARGETED_DEVICE_FAMILY = "1,2";
			};
			name = Debug;
		};
		C47FB0C52E90BCA60036586A /* Release */ = {
			isa = XCBuildConfiguration;
			buildSettings = {
				ASSETCATALOG_COMPILER_APPICON_NAME = AppIcon;
				ASSETCATALOG_COMPILER_GLOBAL_ACCENT_COLOR_NAME = AccentColor;
				CODE_SIGN_STYLE = Automatic;
				CURRENT_PROJECT_VERSION = 1;
				DEVELOPMENT_TEAM = LLASAA3684;
				GENERATE_INFOPLIST_FILE = YES;
				INFOPLIST_FILE = world/Info.plist;
				INFOPLIST_KEY_UIApplicationSupportsIndirectInputEvents = YES;
				INFOPLIST_KEY_UILaunchStoryboardName = LaunchScreen;
				INFOPLIST_KEY_UIMainStoryboardFile = Main;
				INFOPLIST_KEY_UISupportedInterfaceOrientations_iPad = "UIInterfaceOrientationPortrait UIInterfaceOrientationPortraitUpsideDown UIInterfaceOrientationLandscapeLeft UIInterfaceOrientationLandscapeRight";
				INFOPLIST_KEY_UISupportedInterfaceOrientations_iPhone = "UIInterfaceOrientationPortrait UIInterfaceOrientationLandscapeLeft UIInterfaceOrientationLandscapeRight";
				LD_RUNPATH_SEARCH_PATHS = (
					"$(inherited)",
					"@executable_path/Frameworks",
				);
				MARKETING_VERSION = 1.0;
				PRODUCT_BUNDLE_IDENTIFIER = "-97.world";
				PRODUCT_NAME = "$(TARGET_NAME)";
				SWIFT_EMIT_LOC_STRINGS = YES;
				SWIFT_VERSION = 5.0;
				TARGETED_DEVICE_FAMILY = "1,2";
			};
			name = Release;
		};
		C47FB0C62E90BCA60036586A /* Debug */ = {
			isa = XCBuildConfiguration;
			buildSettings = {
				ALWAYS_SEARCH_USER_PATHS = NO;
				ASSETCATALOG_COMPILER_GENERATE_SWIFT_ASSET_SYMBOL_EXTENSIONS = YES;
				CLANG_ANALYZER_NONNULL = YES;
				CLANG_ANALYZER_NUMBER_OBJECT_CONVERSION = YES_AGGRESSIVE;
				CLANG_CXX_LANGUAGE_STANDARD = "gnu++20";
				CLANG_ENABLE_MODULES = YES;
				CLANG_ENABLE_OBJC_ARC = YES;
				CLANG_ENABLE_OBJC_WEAK = YES;
				CLANG_WARN_BLOCK_CAPTURE_AUTORELEASING = YES;
				CLANG_WARN_BOOL_CONVERSION = YES;
				CLANG_WARN_COMMA = YES;
				CLANG_WARN_CONSTANT_CONVERSION = YES;
				CLANG_WARN_DEPRECATED_OBJC_IMPLEMENTATIONS = YES;
				CLANG_WARN_DIRECT_OBJC_ISA_USAGE = YES_ERROR;
				CLANG_WARN_DOCUMENTATION_COMMENTS = YES;
				CLANG_WARN_EMPTY_BODY = YES;
				CLANG_WARN_ENUM_CONVERSION = YES;
				CLANG_WARN_INFINITE_RECURSION = YES;
				CLANG_WARN_INT_CONVERSION = YES;
				CLANG_WARN_NON_LITERAL_NULL_CONVERSION = YES;
				CLANG_WARN_OBJC_IMPLICIT_RETAIN_SELF = YES;
				CLANG_WARN_OBJC_LITERAL_CONVERSION = YES;
				CLANG_WARN_OBJC_ROOT_CLASS = YES_ERROR;
				CLANG_WARN_QUOTED_INCLUDE_IN_FRAMEWORK_HEADER = YES;
				CLANG_WARN_RANGE_LOOP_ANALYSIS = YES;
				CLANG_WARN_STRICT_PROTOTYPES = YES;
				CLANG_WARN_SUSPICIOUS_MOVE = YES;
				CLANG_WARN_UNGUARDED_AVAILABILITY = YES_AGGRESSIVE;
				CLANG_WARN_UNREACHABLE_CODE = YES;
				CLANG_WARN__DUPLICATE_METHOD_MATCH = YES;
				COPY_PHASE_STRIP = NO;
				DEBUG_INFORMATION_FORMAT = dwarf;
				ENABLE_STRICT_OBJC_MSGSEND = YES;
				ENABLE_TESTABILITY = YES;
				ENABLE_USER_SCRIPT_SANDBOXING = YES;
				GCC_C_LANGUAGE_STANDARD = gnu17;
				GCC_DYNAMIC_NO_PIC = NO;
				GCC_NO_COMMON_BLOCKS = YES;
				GCC_OPTIMIZATION_LEVEL = 0;
				GCC_PREPROCESSOR_DEFINITIONS = (
					"DEBUG=1",
					"$(inherited)",
				);
				GCC_WARN_64_TO_32_BIT_CONVERSION = YES;
				GCC_WARN_ABOUT_RETURN_TYPE = YES_ERROR;
				GCC_WARN_UNDECLARED_SELECTOR = YES;
				GCC_WARN_UNINITIALIZED_AUTOS = YES_AGGRESSIVE;
				GCC_WARN_UNUSED_FUNCTION = YES;
				GCC_WARN_UNUSED_VARIABLE = YES;
				IPHONEOS_DEPLOYMENT_TARGET = 18.2;
				LOCALIZATION_PREFERS_STRING_CATALOGS = YES;
				MTL_ENABLE_DEBUG_INFO = INCLUDE_SOURCE;
				MTL_FAST_MATH = YES;
				ONLY_ACTIVE_ARCH = YES;
				SDKROOT = iphoneos;
				SWIFT_ACTIVE_COMPILATION_CONDITIONS = "DEBUG $(inherited)";
				SWIFT_OPTIMIZATION_LEVEL = "-Onone";
			};
			name = Debug;
		};
		C47FB0C72E90BCA60036586A /* Release */ = {
			isa = XCBuildConfiguration;
			buildSettings = {
				ALWAYS_SEARCH_USER_PATHS = NO;
				ASSETCATALOG_COMPILER_GENERATE_SWIFT_ASSET_SYMBOL_EXTENSIONS = YES;
				CLANG_ANALYZER_NONNULL = YES;
				CLANG_ANALYZER_NUMBER_OBJECT_CONVERSION = YES_AGGRESSIVE;
				CLANG_CXX_LANGUAGE_STANDARD = "gnu++20";
				CLANG_ENABLE_MODULES = YES;
				CLANG_ENABLE_OBJC_ARC = YES;
				CLANG_ENABLE_OBJC_WEAK = YES;
				CLANG_WARN_BLOCK_CAPTURE_AUTORELEASING = YES;
				CLANG_WARN_BOOL_CONVERSION = YES;
				CLANG_WARN_COMMA = YES;
				CLANG_WARN_CONSTANT_CONVERSION = YES;
				CLANG_WARN_DEPRECATED_OBJC_IMPLEMENTATIONS = YES;
				CLANG_WARN_DIRECT_OBJC_ISA_USAGE = YES_ERROR;
				CLANG_WARN_DOCUMENTATION_COMMENTS = YES;
				CLANG_WARN_EMPTY_BODY = YES;
				CLANG_WARN_ENUM_CONVERSION = YES;
				CLANG_WARN_INFINITE_RECURSION = YES;
				CLANG_WARN_INT_CONVERSION = YES;
				CLANG_WARN_NON_LITERAL_NULL_CONVERSION = YES;
				CLANG_WARN_OBJC_IMPLICIT_RETAIN_SELF = YES;
				CLANG_WARN_OBJC_LITERAL_CONVERSION = YES;
				CLANG_WARN_OBJC_ROOT_CLASS = YES_ERROR;
				CLANG_WARN_QUOTED_INCLUDE_IN_FRAMEWORK_HEADER = YES;
				CLANG_WARN_RANGE_LOOP_ANALYSIS = YES;
				CLANG_WARN_STRICT_PROTOTYPES = YES;
				CLANG_WARN_SUSPICIOUS_MOVE = YES;
				CLANG_WARN_UNGUARDED_AVAILABILITY = YES_AGGRESSIVE;
				CLANG_WARN_UNREACHABLE_CODE = YES;
				CLANG_WARN__DUPLICATE_METHOD_MATCH = YES;
				COPY_PHASE_STRIP = NO;
				DEBUG_INFORMATION_FORMAT = "dwarf-with-dsym";
				ENABLE_NS_ASSERTIONS = NO;
				ENABLE_STRICT_OBJC_MSGSEND = YES;
				ENABLE_USER_SCRIPT_SANDBOXING = YES;
				GCC_C_LANGUAGE_STANDARD = gnu17;
				GCC_NO_COMMON_BLOCKS = YES;
				GCC_WARN_64_TO_32_BIT_CONVERSION = YES;
				GCC_WARN_ABOUT_RETURN_TYPE = YES_ERROR;
				GCC_WARN_UNDECLARED_SELECTOR = YES;
				GCC_WARN_UNINITIALIZED_AUTOS = YES_AGGRESSIVE;
				GCC_WARN_UNUSED_FUNCTION = YES;
				GCC_WARN_UNUSED_VARIABLE = YES;
				IPHONEOS_DEPLOYMENT_TARGET = 18.2;
				LOCALIZATION_PREFERS_STRING_CATALOGS = YES;
				MTL_ENABLE_DEBUG_INFO = NO;
				MTL_FAST_MATH = YES;
				SDKROOT = iphoneos;
				SWIFT_COMPILATION_MODE = wholemodule;
				VALIDATE_PRODUCT = YES;
			};
			name = Release;
		};
		C47FB0C92E90BCA60036586A /* Debug */ = {
			isa = XCBuildConfiguration;
			buildSettings = {
				BUNDLE_LOADER = "$(TEST_HOST)";
				CODE_SIGN_STYLE = Automatic;
				CURRENT_PROJECT_VERSION = 1;
				DEVELOPMENT_TEAM = LLASAA3684;
				GENERATE_INFOPLIST_FILE = YES;
				IPHONEOS_DEPLOYMENT_TARGET = 18.2;
				MARKETING_VERSION = 1.0;
				PRODUCT_BUNDLE_IDENTIFIER = "-97.worldTests";
				PRODUCT_NAME = "$(TARGET_NAME)";
				SWIFT_EMIT_LOC_STRINGS = NO;
				SWIFT_VERSION = 5.0;
				TARGETED_DEVICE_FAMILY = "1,2";
				TEST_HOST = "$(BUILT_PRODUCTS_DIR)/world.app/$(BUNDLE_EXECUTABLE_FOLDER_PATH)/world";
			};
			name = Debug;
		};
		C47FB0CA2E90BCA60036586A /* Release */ = {
			isa = XCBuildConfiguration;
			buildSettings = {
				BUNDLE_LOADER = "$(TEST_HOST)";
				CODE_SIGN_STYLE = Automatic;
				CURRENT_PROJECT_VERSION = 1;
				DEVELOPMENT_TEAM = LLASAA3684;
				GENERATE_INFOPLIST_FILE = YES;
				IPHONEOS_DEPLOYMENT_TARGET = 18.2;
				MARKETING_VERSION = 1.0;
				PRODUCT_BUNDLE_IDENTIFIER = "-97.worldTests";
				PRODUCT_NAME = "$(TARGET_NAME)";
				SWIFT_EMIT_LOC_STRINGS = NO;
				SWIFT_VERSION = 5.0;
				TARGETED_DEVICE_FAMILY = "1,2";
				TEST_HOST = "$(BUILT_PRODUCTS_DIR)/world.app/$(BUNDLE_EXECUTABLE_FOLDER_PATH)/world";
			};
			name = Release;
		};
		C47FB0CC2E90BCA60036586A /* Debug */ = {
			isa = XCBuildConfiguration;
			buildSettings = {
				CODE_SIGN_STYLE = Automatic;
				CURRENT_PROJECT_VERSION = 1;
				DEVELOPMENT_TEAM = LLASAA3684;
				GENERATE_INFOPLIST_FILE = YES;
				MARKETING_VERSION = 1.0;
				PRODUCT_BUNDLE_IDENTIFIER = "-97.worldUITests";
				PRODUCT_NAME = "$(TARGET_NAME)";
				SWIFT_EMIT_LOC_STRINGS = NO;
				SWIFT_VERSION = 5.0;
				TARGETED_DEVICE_FAMILY = "1,2";
				TEST_TARGET_NAME = world;
			};
			name = Debug;
		};
		C47FB0CD2E90BCA60036586A /* Release */ = {
			isa = XCBuildConfiguration;
			buildSettings = {
				CODE_SIGN_STYLE = Automatic;
				CURRENT_PROJECT_VERSION = 1;
				DEVELOPMENT_TEAM = LLASAA3684;
				GENERATE_INFOPLIST_FILE = YES;
				MARKETING_VERSION = 1.0;
				PRODUCT_BUNDLE_IDENTIFIER = "-97.worldUITests";
				PRODUCT_NAME = "$(TARGET_NAME)";
				SWIFT_EMIT_LOC_STRINGS = NO;
				SWIFT_VERSION = 5.0;
				TARGETED_DEVICE_FAMILY = "1,2";
				TEST_TARGET_NAME = world;
			};
			name = Release;
		};
/* End XCBuildConfiguration section */

/* Begin XCConfigurationList section */
		C47FB0952E90BCA50036586A /* Build configuration list for PBXProject "world" */ = {
			isa = XCConfigurationList;
			buildConfigurations = (
				C47FB0C62E90BCA60036586A /* Debug */,
				C47FB0C72E90BCA60036586A /* Release */,
			);
			defaultConfigurationIsVisible = 0;
			defaultConfigurationName = Release;
		};
		C47FB0C32E90BCA60036586A /* Build configuration list for PBXNativeTarget "world" */ = {
			isa = XCConfigurationList;
			buildConfigurations = (
				C47FB0C42E90BCA60036586A /* Debug */,
				C47FB0C52E90BCA60036586A /* Release */,
			);
			defaultConfigurationIsVisible = 0;
			defaultConfigurationName = Release;
		};
		C47FB0C82E90BCA60036586A /* Build configuration list for PBXNativeTarget "worldTests" */ = {
			isa = XCConfigurationList;
			buildConfigurations = (
				C47FB0C92E90BCA60036586A /* Debug */,
				C47FB0CA2E90BCA60036586A /* Release */,
			);
			defaultConfigurationIsVisible = 0;
			defaultConfigurationName = Release;
		};
		C47FB0CB2E90BCA60036586A /* Build configuration list for PBXNativeTarget "worldUITests" */ = {
			isa = XCConfigurationList;
			buildConfigurations = (
				C47FB0CC2E90BCA60036586A /* Debug */,
				C47FB0CD2E90BCA60036586A /* Release */,
			);
			defaultConfigurationIsVisible = 0;
			defaultConfigurationName = Release;
		};
/* End XCConfigurationList section */
	};
	rootObject = C47FB0922E90BCA50036586A /* Project object */;
}
